
Microsoft Visual Studio Solution File, Format Version 12.00
# Visual Studio Version 17
VisualStudioVersion = 17.9.34622.214
MinimumVisualStudioVersion = 10.0.40219.1
Project("{FAE04EC0-301F-11D3-BF4B-00C04F79EFBC}") = "Lab4", "Lab4\Lab4.csproj", "{94765B16-F86C-49FD-A8F0-C46D05C8096D}"
EndProject
Global
	GlobalSection(SolutionConfigurationPlatforms) = preSolution
		Debug|Any CPU = Debug|Any CPU
		Release|Any CPU = Release|Any CPU
	EndGlobalSection
	GlobalSection(ProjectConfigurationPlatforms) = postSolution
		{94765B16-F86C-49FD-A8F0-C46D05C8096D}.Debug|Any CPU.ActiveCfg = Debug|Any CPU
		{94765B16-F86C-49FD-A8F0-C46D05C8096D}.Debug|Any CPU.Build.0 = Debug|Any CPU
		{94765B16-F86C-49FD-A8F0-C46D05C8096D}.Release|Any CPU.ActiveCfg = Release|Any CPU
		{94765B16-F86C-49FD-A8F0-C46D05C8096D}.Release|Any CPU.Build.0 = Release|Any CPU
	EndGlobalSection
	GlobalSection(SolutionProperties) = preSolution
		HideSolutionNode = FALSE
	EndGlobalSection
	GlobalSection(ExtensibilityGlobals) = postSolution
		SolutionGuid = {746F1685-7A86-489F-8E4E-C5DDE84DE879}
	EndGlobalSection
EndGlobal
